# This file was autogenerated by Stack.
# You should not edit this file by hand.
# For more information, please see the documentation at:
#   https://docs.haskellstack.org/en/stable/lock_files

packages:
- completed:
    hackage: sbv-8.2@sha256:bb17f85a58fbf67cc3fd9e897f7c4a625be80da342f8903ef17e97de7c9ac2ae,18313
    pantry-tree:
      size: 52972
      sha256: b5e2f174fa20c1ef8c14cfb4e72fd35c92c35f181d042aaacce1cdf526addabd
  original:
    hackage: sbv-8.2@sha256:bb17f85a58fbf67cc3fd9e897f7c4a625be80da342f8903ef17e97de7c9ac2ae
snapshots:
- completed:
    size: 500539
    url: https://raw.githubusercontent.com/commercialhaskell/stackage-snapshots/master/lts/13/27.yaml
    sha256: 690db832392afe55733b4c7023fd29b1b1c660ee42f1fb505b86b07394ca994e
  original: lts-13.27
